// !$*UTF8*$!
{
	archiveVersion = 1;
	classes = {
	};
	objectVersion = 77;
	objects = {

/* Begin PBXContainerItemProxy section */
		E8E71D012C967ABF00B1F03F /* PBXContainerItemProxy */ = {
			isa = PBXContainerItemProxy;
			containerPortal = E8E71CE22C967ABE00B1F03F /* Project object */;
			proxyType = 1;
			remoteGlobalIDString = E8E71CE92C967ABF00B1F03F;
			remoteInfo = "Sort Pic";
		};
		E8E71D0B2C967ABF00B1F03F /* PBXContainerItemProxy */ = {
			isa = PBXContainerItemProxy;
			containerPortal = E8E71CE22C967ABE00B1F03F /* Project object */;
			proxyType = 1;
			remoteGlobalIDString = E8E71CE92C967ABF00B1F03F;
			remoteInfo = "Sort Pic";
		};
/* End PBXContainerItemProxy section */

/* Begin PBXFileReference section */
		E8E71CEA2C967ABF00B1F03F /* Sort Pic.app */ = {isa = PBXFileReference; explicitFileType = wrapper.application; includeInIndex = 0; path = "Sort Pic.app"; sourceTree = BUILT_PRODUCTS_DIR; };
		E8E71D002C967ABF00B1F03F /* Sort PicTests.xctest */ = {isa = PBXFileReference; explicitFileType = wrapper.cfbundle; includeInIndex = 0; path = "Sort PicTests.xctest"; sourceTree = BUILT_PRODUCTS_DIR; };
		E8E71D0A2C967ABF00B1F03F /* Sort PicUITests.xctest */ = {isa = PBXFileReference; explicitFileType = wrapper.cfbundle; includeInIndex = 0; path = "Sort PicUITests.xctest"; sourceTree = BUILT_PRODUCTS_DIR; };
/* End PBXFileReference section */

/* Begin PBXFileSystemSynchronizedBuildFileExceptionSet section */
		E8E71D122C967ABF00B1F03F /* Exceptions for "Sort Pic" folder in "Sort Pic" target */ = {
			isa = PBXFileSystemSynchronizedBuildFileExceptionSet;
			membershipExceptions = (
				Info.plist,
			);
			target = E8E71CE92C967ABF00B1F03F /* Sort Pic */;
		};
/* End PBXFileSystemSynchronizedBuildFileExceptionSet section */

/* Begin PBXFileSystemSynchronizedRootGroup section */
		E8E71CEC2C967ABF00B1F03F /* Sort Pic */ = {
			isa = PBXFileSystemSynchronizedRootGroup;
			exceptions = (
				E8E71D122C967ABF00B1F03F /* Exceptions for "Sort Pic" folder in "Sort Pic" target */,
			);
			path = "Sort Pic";
			sourceTree = "<group>";
		};
		E8E71D032C967ABF00B1F03F /* Sort PicTests */ = {
			isa = PBXFileSystemSynchronizedRootGroup;
			path = "Sort PicTests";
			sourceTree = "<group>";
		};
		E8E71D0D2C967ABF00B1F03F /* Sort PicUITests */ = {
			isa = PBXFileSystemSynchronizedRootGroup;
			path = "Sort PicUITests";
			sourceTree = "<group>";
		};
/* End PBXFileSystemSynchronizedRootGroup section */

/* Begin PBXFrameworksBuildPhase section */
		E8E71CE72C967ABF00B1F03F /* Frameworks */ = {
			isa = PBXFrameworksBuildPhase;
			buildActionMask = 2147483647;
			files = (
			);
			runOnlyForDeploymentPostprocessing = 0;
		};
		E8E71CFD2C967ABF00B1F03F /* Frameworks */ = {
			isa = PBXFrameworksBuildPhase;
			buildActionMask = 2147483647;
			files = (
			);
			runOnlyForDeploymentPostprocessing = 0;
		};
		E8E71D072C967ABF00B1F03F /* Frameworks */ = {
			isa = PBXFrameworksBuildPhase;
			buildActionMask = 2147483647;
			files = (
			);
			runOnlyForDeploymentPostprocessing = 0;
		};
/* End PBXFrameworksBuildPhase section */

/* Begin PBXGroup section */
		E8E71CE12C967ABE00B1F03F = {
			isa = PBXGroup;
			children = (
				E8E71CEC2C967ABF00B1F03F /* Sort Pic */,
				E8E71D032C967ABF00B1F03F /* Sort PicTests */,
				E8E71D0D2C967ABF00B1F03F /* Sort PicUITests */,
				E8E71CEB2C967ABF00B1F03F /* Products */,
			);
			sourceTree = "<group>";
		};
		E8E71CEB2C967ABF00B1F03F /* Products */ = {
			isa = PBXGroup;
			children = (
				E8E71CEA2C967ABF00B1F03F /* Sort Pic.app */,
				E8E71D002C967ABF00B1F03F /* Sort PicTests.xctest */,
				E8E71D0A2C967ABF00B1F03F /* Sort PicUITests.xctest */,
			);
			name = Products;
			sourceTree = "<group>";
		};
/* End PBXGroup section */

/* Begin PBXNativeTarget section */
		E8E71CE92C967ABF00B1F03F /* Sort Pic */ = {
			isa = PBXNativeTarget;
			buildConfigurationList = E8E71D132C967ABF00B1F03F /* Build configuration list for PBXNativeTarget "Sort Pic" */;
			buildPhases = (
				E8E71CE62C967ABF00B1F03F /* Sources */,
				E8E71CE72C967ABF00B1F03F /* Frameworks */,
				E8E71CE82C967ABF00B1F03F /* Resources */,
			);
			buildRules = (
			);
			dependencies = (
			);
			fileSystemSynchronizedGroups = (
				E8E71CEC2C967ABF00B1F03F /* Sort Pic */,
			);
			name = "Sort Pic";
			packageProductDependencies = (
			);
			productName = "Sort Pic";
			productReference = E8E71CEA2C967ABF00B1F03F /* Sort Pic.app */;
			productType = "com.apple.product-type.application";
		};
		E8E71CFF2C967ABF00B1F03F /* Sort PicTests */ = {
			isa = PBXNativeTarget;
			buildConfigurationList = E8E71D182C967ABF00B1F03F /* Build configuration list for PBXNativeTarget "Sort PicTests" */;
			buildPhases = (
				E8E71CFC2C967ABF00B1F03F /* Sources */,
				E8E71CFD2C967ABF00B1F03F /* Frameworks */,
				E8E71CFE2C967ABF00B1F03F /* Resources */,
			);
			buildRules = (
			);
			dependencies = (
				E8E71D022C967ABF00B1F03F /* PBXTargetDependency */,
			);
			fileSystemSynchronizedGroups = (
				E8E71D032C967ABF00B1F03F /* Sort PicTests */,
			);
			name = "Sort PicTests";
			packageProductDependencies = (
			);
			productName = "Sort PicTests";
			productReference = E8E71D002C967ABF00B1F03F /* Sort PicTests.xctest */;
			productType = "com.apple.product-type.bundle.unit-test";
		};
		E8E71D092C967ABF00B1F03F /* Sort PicUITests */ = {
			isa = PBXNativeTarget;
			buildConfigurationList = E8E71D1B2C967ABF00B1F03F /* Build configuration list for PBXNativeTarget "Sort PicUITests" */;
			buildPhases = (
				E8E71D062C967ABF00B1F03F /* Sources */,
				E8E71D072C967ABF00B1F03F /* Frameworks */,
				E8E71D082C967ABF00B1F03F /* Resources */,
			);
			buildRules = (
			);
			dependencies = (
				E8E71D0C2C967ABF00B1F03F /* PBXTargetDependency */,
			);
			fileSystemSynchronizedGroups = (
				E8E71D0D2C967ABF00B1F03F /* Sort PicUITests */,
			);
			name = "Sort PicUITests";
			packageProductDependencies = (
			);
			productName = "Sort PicUITests";
			productReference = E8E71D0A2C967ABF00B1F03F /* Sort PicUITests.xctest */;
			productType = "com.apple.product-type.bundle.ui-testing";
		};
/* End PBXNativeTarget section */

/* Begin PBXProject section */
		E8E71CE22C967ABE00B1F03F /* Project object */ = {
			isa = PBXProject;
			attributes = {
				BuildIndependentTargetsInParallel = 1;
				LastSwiftUpdateCheck = 1600;
				LastUpgradeCheck = 1600;
				TargetAttributes = {
					E8E71CE92C967ABF00B1F03F = {
						CreatedOnToolsVersion = 16.0;
					};
					E8E71CFF2C967ABF00B1F03F = {
						CreatedOnToolsVersion = 16.0;
						TestTargetID = E8E71CE92C967ABF00B1F03F;
					};
					E8E71D092C967ABF00B1F03F = {
						CreatedOnToolsVersion = 16.0;
						TestTargetID = E8E71CE92C967ABF00B1F03F;
					};
				};
			};
			buildConfigurationList = E8E71CE52C967ABE00B1F03F /* Build configuration list for PBXProject "Sort Pic" */;
			developmentRegion = en;
			hasScannedForEncodings = 0;
			knownRegions = (
				en,
				Base,
			);
			mainGroup = E8E71CE12C967ABE00B1F03F;
			minimizedProjectReferenceProxies = 1;
			preferredProjectObjectVersion = 77;
			productRefGroup = E8E71CEB2C967ABF00B1F03F /* Products */;
			projectDirPath = "";
			projectRoot = "";
			targets = (
				E8E71CE92C967ABF00B1F03F /* Sort Pic */,
				E8E71CFF2C967ABF00B1F03F /* Sort PicTests */,
				E8E71D092C967ABF00B1F03F /* Sort PicUITests */,
			);
		};
/* End PBXProject section */

/* Begin PBXResourcesBuildPhase section */
		E8E71CE82C967ABF00B1F03F /* Resources */ = {
			isa = PBXResourcesBuildPhase;
			buildActionMask = 2147483647;
			files = (
			);
			runOnlyForDeploymentPostprocessing = 0;
		};
		E8E71CFE2C967ABF00B1F03F /* Resources */ = {
			isa = PBXResourcesBuildPhase;
			buildActionMask = 2147483647;
			files = (
			);
			runOnlyForDeploymentPostprocessing = 0;
		};
		E8E71D082C967ABF00B1F03F /* Resources */ = {
			isa = PBXResourcesBuildPhase;
			buildActionMask = 2147483647;
			files = (
			);
			runOnlyForDeploymentPostprocessing = 0;
		};
/* End PBXResourcesBuildPhase section */

/* Begin PBXSourcesBuildPhase section */
		E8E71CE62C967ABF00B1F03F /* Sources */ = {
			isa = PBXSourcesBuildPhase;
			buildActionMask = 2147483647;
			files = (
			);
			runOnlyForDeploymentPostprocessing = 0;
		};
		E8E71CFC2C967ABF00B1F03F /* Sources */ = {
			isa = PBXSourcesBuildPhase;
			buildActionMask = 2147483647;
			files = (
			);
			runOnlyForDeploymentPostprocessing = 0;
		};
		E8E71D062C967ABF00B1F03F /* Sources */ = {
			isa = PBXSourcesBuildPhase;
			buildActionMask = 2147483647;
			files = (
			);
			runOnlyForDeploymentPostprocessing = 0;
		};
/* End PBXSourcesBuildPhase section */

/* Begin PBXTargetDependency section */
		E8E71D022C967ABF00B1F03F /* PBXTargetDependency */ = {
			isa = PBXTargetDependency;
			target = E8E71CE92C967ABF00B1F03F /* Sort Pic */;
			targetProxy = E8E71D012C967ABF00B1F03F /* PBXContainerItemProxy */;
		};
		E8E71D0C2C967ABF00B1F03F /* PBXTargetDependency */ = {
			isa = PBXTargetDependency;
			target = E8E71CE92C967ABF00B1F03F /* Sort Pic */;
			targetProxy = E8E71D0B2C967ABF00B1F03F /* PBXContainerItemProxy */;
		};
/* End PBXTargetDependency section */

/* Begin XCBuildConfiguration section */
		E8E71D142C967ABF00B1F03F /* Debug */ = {
			isa = XCBuildConfiguration;
			buildSettings = {
				ASSETCATALOG_COMPILER_APPICON_NAME = AppIcon;
				ASSETCATALOG_COMPILER_GLOBAL_ACCENT_COLOR_NAME = AccentColor;
				CODE_SIGN_STYLE = Automatic;
				CURRENT_PROJECT_VERSION = 1;
				DEVELOPMENT_TEAM = 77K87AFFW6;
				GENERATE_INFOPLIST_FILE = YES;
				INFOPLIST_FILE = "Sort Pic/Info.plist";
				INFOPLIST_KEY_UIApplicationSupportsIndirectInputEvents = YES;
				INFOPLIST_KEY_UILaunchStoryboardName = LaunchScreen;
				INFOPLIST_KEY_UIMainStoryboardFile = Main;
				INFOPLIST_KEY_UISupportedInterfaceOrientations_iPad = "UIInterfaceOrientationPortrait UIInterfaceOrientationPortraitUpsideDown UIInterfaceOrientationLandscapeLeft UIInterfaceOrientationLandscapeRight";
				INFOPLIST_KEY_UISupportedInterfaceOrientations_iPhone = "UIInterfaceOrientationPortrait UIInterfaceOrientationLandscapeLeft UIInterfaceOrientationLandscapeRight";
				LD_RUNPATH_SEARCH_PATHS = (
					"$(inherited)",
					"@executable_path/Frameworks",
				);
				MARKETING_VERSION = 1.0;
				PRODUCT_BUNDLE_IDENTIFIER = "com.bythebug.Sort-Pic";
				PRODUCT_NAME = "$(TARGET_NAME)";
				SWIFT_EMIT_LOC_STRINGS = YES;
				SWIFT_VERSION = 5.0;
				TARGETED_DEVICE_FAMILY = "1,2";
			};
			name = Debug;
		};
		E8E71D152C967ABF00B1F03F /* Release */ = {
			isa = XCBuildConfiguration;
			buildSettings = {
				ASSETCATALOG_COMPILER_APPICON_NAME = AppIcon;
				ASSETCATALOG_COMPILER_GLOBAL_ACCENT_COLOR_NAME = AccentColor;
				CODE_SIGN_STYLE = Automatic;
				CURRENT_PROJECT_VERSION = 1;
				DEVELOPMENT_TEAM = 77K87AFFW6;
				GENERATE_INFOPLIST_FILE = YES;
				INFOPLIST_FILE = "Sort Pic/Info.plist";
				INFOPLIST_KEY_UIApplicationSupportsIndirectInputEvents = YES;
				INFOPLIST_KEY_UILaunchStoryboardName = LaunchScreen;
				INFOPLIST_KEY_UIMainStoryboardFile = Main;
				INFOPLIST_KEY_UISupportedInterfaceOrientations_iPad = "UIInterfaceOrientationPortrait UIInterfaceOrientationPortraitUpsideDown UIInterfaceOrientationLandscapeLeft UIInterfaceOrientationLandscapeRight";
				INFOPLIST_KEY_UISupportedInterfaceOrientations_iPhone = "UIInterfaceOrientationPortrait UIInterfaceOrientationLandscapeLeft UIInterfaceOrientationLandscapeRight";
				LD_RUNPATH_SEARCH_PATHS = (
					"$(inherited)",
					"@executable_path/Frameworks",
				);
				MARKETING_VERSION = 1.0;
				PRODUCT_BUNDLE_IDENTIFIER = "com.bythebug.Sort-Pic";
				PRODUCT_NAME = "$(TARGET_NAME)";
				SWIFT_EMIT_LOC_STRINGS = YES;
				SWIFT_VERSION = 5.0;
				TARGETED_DEVICE_FAMILY = "1,2";
			};
			name = Release;
		};
		E8E71D162C967ABF00B1F03F /* Debug */ = {
			isa = XCBuildConfiguration;
			buildSettings = {
				ALWAYS_SEARCH_USER_PATHS = NO;
				ASSETCATALOG_COMPILER_GENERATE_SWIFT_ASSET_SYMBOL_EXTENSIONS = YES;
				CLANG_ANALYZER_NONNULL = YES;
				CLANG_ANALYZER_NUMBER_OBJECT_CONVERSION = YES_AGGRESSIVE;
				CLANG_CXX_LANGUAGE_STANDARD = "gnu++20";
				CLANG_ENABLE_MODULES = YES;
				CLANG_ENABLE_OBJC_ARC = YES;
				CLANG_ENABLE_OBJC_WEAK = YES;
				CLANG_WARN_BLOCK_CAPTURE_AUTORELEASING = YES;
				CLANG_WARN_BOOL_CONVERSION = YES;
				CLANG_WARN_COMMA = YES;
				CLANG_WARN_CONSTANT_CONVERSION = YES;
				CLANG_WARN_DEPRECATED_OBJC_IMPLEMENTATIONS = YES;
				CLANG_WARN_DIRECT_OBJC_ISA_USAGE = YES_ERROR;
				CLANG_WARN_DOCUMENTATION_COMMENTS = YES;
				CLANG_WARN_EMPTY_BODY = YES;
				CLANG_WARN_ENUM_CONVERSION = YES;
				CLANG_WARN_INFINITE_RECURSION = YES;
				CLANG_WARN_INT_CONVERSION = YES;
				CLANG_WARN_NON_LITERAL_NULL_CONVERSION = YES;
				CLANG_WARN_OBJC_IMPLICIT_RETAIN_SELF = YES;
				CLANG_WARN_OBJC_LITERAL_CONVERSION = YES;
				CLANG_WARN_OBJC_ROOT_CLASS = YES_ERROR;
				CLANG_WARN_QUOTED_INCLUDE_IN_FRAMEWORK_HEADER = YES;
				CLANG_WARN_RANGE_LOOP_ANALYSIS = YES;
				CLANG_WARN_STRICT_PROTOTYPES = YES;
				CLANG_WARN_SUSPICIOUS_MOVE = YES;
				CLANG_WARN_UNGUARDED_AVAILABILITY = YES_AGGRESSIVE;
				CLANG_WARN_UNREACHABLE_CODE = YES;
				CLANG_WARN__DUPLICATE_METHOD_MATCH = YES;
				COPY_PHASE_STRIP = NO;
				DEBUG_INFORMATION_FORMAT = dwarf;
				ENABLE_STRICT_OBJC_MSGSEND = YES;
				ENABLE_TESTABILITY = YES;
				ENABLE_USER_SCRIPT_SANDBOXING = YES;
				GCC_C_LANGUAGE_STANDARD = gnu17;
				GCC_DYNAMIC_NO_PIC = NO;
				GCC_NO_COMMON_BLOCKS = YES;
				GCC_OPTIMIZATION_LEVEL = 0;
				GCC_PREPROCESSOR_DEFINITIONS = (
					"DEBUG=1",
					"$(inherited)",
				);
				GCC_WARN_64_TO_32_BIT_CONVERSION = YES;
				GCC_WARN_ABOUT_RETURN_TYPE = YES_ERROR;
				GCC_WARN_UNDECLARED_SELECTOR = YES;
				GCC_WARN_UNINITIALIZED_AUTOS = YES_AGGRESSIVE;
				GCC_WARN_UNUSED_FUNCTION = YES;
				GCC_WARN_UNUSED_VARIABLE = YES;
				IPHONEOS_DEPLOYMENT_TARGET = 18.0;
				LOCALIZATION_PREFERS_STRING_CATALOGS = YES;
				MTL_ENABLE_DEBUG_INFO = INCLUDE_SOURCE;
				MTL_FAST_MATH = YES;
				ONLY_ACTIVE_ARCH = YES;
				SDKROOT = iphoneos;
				SWIFT_ACTIVE_COMPILATION_CONDITIONS = "DEBUG $(inherited)";
				SWIFT_OPTIMIZATION_LEVEL = "-Onone";
			};
			name = Debug;
		};
		E8E71D172C967ABF00B1F03F /* Release */ = {
			isa = XCBuildConfiguration;
			buildSettings = {
				ALWAYS_SEARCH_USER_PATHS = NO;
				ASSETCATALOG_COMPILER_GENERATE_SWIFT_ASSET_SYMBOL_EXTENSIONS = YES;
				CLANG_ANALYZER_NONNULL = YES;
				CLANG_ANALYZER_NUMBER_OBJECT_CONVERSION = YES_AGGRESSIVE;
				CLANG_CXX_LANGUAGE_STANDARD = "gnu++20";
				CLANG_ENABLE_MODULES = YES;
				CLANG_ENABLE_OBJC_ARC = YES;
				CLANG_ENABLE_OBJC_WEAK = YES;
				CLANG_WARN_BLOCK_CAPTURE_AUTORELEASING = YES;
				CLANG_WARN_BOOL_CONVERSION = YES;
				CLANG_WARN_COMMA = YES;
				CLANG_WARN_CONSTANT_CONVERSION = YES;
				CLANG_WARN_DEPRECATED_OBJC_IMPLEMENTATIONS = YES;
				CLANG_WARN_DIRECT_OBJC_ISA_USAGE = YES_ERROR;
				CLANG_WARN_DOCUMENTATION_COMMENTS = YES;
				CLANG_WARN_EMPTY_BODY = YES;
				CLANG_WARN_ENUM_CONVERSION = YES;
				CLANG_WARN_INFINITE_RECURSION = YES;
				CLANG_WARN_INT_CONVERSION = YES;
				CLANG_WARN_NON_LITERAL_NULL_CONVERSION = YES;
				CLANG_WARN_OBJC_IMPLICIT_RETAIN_SELF = YES;
				CLANG_WARN_OBJC_LITERAL_CONVERSION = YES;
				CLANG_WARN_OBJC_ROOT_CLASS = YES_ERROR;
				CLANG_WARN_QUOTED_INCLUDE_IN_FRAMEWORK_HEADER = YES;
				CLANG_WARN_RANGE_LOOP_ANALYSIS = YES;
				CLANG_WARN_STRICT_PROTOTYPES = YES;
				CLANG_WARN_SUSPICIOUS_MOVE = YES;
				CLANG_WARN_UNGUARDED_AVAILABILITY = YES_AGGRESSIVE;
				CLANG_WARN_UNREACHABLE_CODE = YES;
				CLANG_WARN__DUPLICATE_METHOD_MATCH = YES;
				COPY_PHASE_STRIP = NO;
				DEBUG_INFORMATION_FORMAT = "dwarf-with-dsym";
				ENABLE_NS_ASSERTIONS = NO;
				ENABLE_STRICT_OBJC_MSGSEND = YES;
				ENABLE_USER_SCRIPT_SANDBOXING = YES;
				GCC_C_LANGUAGE_STANDARD = gnu17;
				GCC_NO_COMMON_BLOCKS = YES;
				GCC_WARN_64_TO_32_BIT_CONVERSION = YES;
				GCC_WARN_ABOUT_RETURN_TYPE = YES_ERROR;
				GCC_WARN_UNDECLARED_SELECTOR = YES;
				GCC_WARN_UNINITIALIZED_AUTOS = YES_AGGRESSIVE;
				GCC_WARN_UNUSED_FUNCTION = YES;
				GCC_WARN_UNUSED_VARIABLE = YES;
				IPHONEOS_DEPLOYMENT_TARGET = 18.0;
				LOCALIZATION_PREFERS_STRING_CATALOGS = YES;
				MTL_ENABLE_DEBUG_INFO = NO;
				MTL_FAST_MATH = YES;
				SDKROOT = iphoneos;
				SWIFT_COMPILATION_MODE = wholemodule;
				VALIDATE_PRODUCT = YES;
			};
			name = Release;
		};
		E8E71D192C967ABF00B1F03F /* Debug */ = {
			isa = XCBuildConfiguration;
			buildSettings = {
				BUNDLE_LOADER = "$(TEST_HOST)";
				CODE_SIGN_STYLE = Automatic;
				CURRENT_PROJECT_VERSION = 1;
				GENERATE_INFOPLIST_FILE = YES;
				IPHONEOS_DEPLOYMENT_TARGET = 18.0;
				MARKETING_VERSION = 1.0;
				PRODUCT_BUNDLE_IDENTIFIER = "com.bythebug.Sort-PicTests";
				PRODUCT_NAME = "$(TARGET_NAME)";
				SWIFT_EMIT_LOC_STRINGS = NO;
				SWIFT_VERSION = 5.0;
				TARGETED_DEVICE_FAMILY = "1,2";
				TEST_HOST = "$(BUILT_PRODUCTS_DIR)/Sort Pic.app/$(BUNDLE_EXECUTABLE_FOLDER_PATH)/Sort Pic";
			};
			name = Debug;
		};
		E8E71D1A2C967ABF00B1F03F /* Release */ = {
			isa = XCBuildConfiguration;
			buildSettings = {
				BUNDLE_LOADER = "$(TEST_HOST)";
				CODE_SIGN_STYLE = Automatic;
				CURRENT_PROJECT_VERSION = 1;
				GENERATE_INFOPLIST_FILE = YES;
				IPHONEOS_DEPLOYMENT_TARGET = 18.0;
				MARKETING_VERSION = 1.0;
				PRODUCT_BUNDLE_IDENTIFIER = "com.bythebug.Sort-PicTests";
				PRODUCT_NAME = "$(TARGET_NAME)";
				SWIFT_EMIT_LOC_STRINGS = NO;
				SWIFT_VERSION = 5.0;
				TARGETED_DEVICE_FAMILY = "1,2";
				TEST_HOST = "$(BUILT_PRODUCTS_DIR)/Sort Pic.app/$(BUNDLE_EXECUTABLE_FOLDER_PATH)/Sort Pic";
			};
			name = Release;
		};
		E8E71D1C2C967ABF00B1F03F /* Debug */ = {
			isa = XCBuildConfiguration;
			buildSettings = {
				CODE_SIGN_STYLE = Automatic;
				CURRENT_PROJECT_VERSION = 1;
				GENERATE_INFOPLIST_FILE = YES;
				MARKETING_VERSION = 1.0;
				PRODUCT_BUNDLE_IDENTIFIER = "com.bythebug.Sort-PicUITests";
				PRODUCT_NAME = "$(TARGET_NAME)";
				SWIFT_EMIT_LOC_STRINGS = NO;
				SWIFT_VERSION = 5.0;
				TARGETED_DEVICE_FAMILY = "1,2";
				TEST_TARGET_NAME = "Sort Pic";
			};
			name = Debug;
		};
		E8E71D1D2C967ABF00B1F03F /* Release */ = {
			isa = XCBuildConfiguration;
			buildSettings = {
				CODE_SIGN_STYLE = Automatic;
				CURRENT_PROJECT_VERSION = 1;
				GENERATE_INFOPLIST_FILE = YES;
				MARKETING_VERSION = 1.0;
				PRODUCT_BUNDLE_IDENTIFIER = "com.bythebug.Sort-PicUITests";
				PRODUCT_NAME = "$(TARGET_NAME)";
				SWIFT_EMIT_LOC_STRINGS = NO;
				SWIFT_VERSION = 5.0;
				TARGETED_DEVICE_FAMILY = "1,2";
				TEST_TARGET_NAME = "Sort Pic";
			};
			name = Release;
		};
/* End XCBuildConfiguration section */

/* Begin XCConfigurationList section */
		E8E71CE52C967ABE00B1F03F /* Build configuration list for PBXProject "Sort Pic" */ = {
			isa = XCConfigurationList;
			buildConfigurations = (
				E8E71D162C967ABF00B1F03F /* Debug */,
				E8E71D172C967ABF00B1F03F /* Release */,
			);
			defaultConfigurationIsVisible = 0;
			defaultConfigurationName = Release;
		};
		E8E71D132C967ABF00B1F03F /* Build configuration list for PBXNativeTarget "Sort Pic" */ = {
			isa = XCConfigurationList;
			buildConfigurations = (
				E8E71D142C967ABF00B1F03F /* Debug */,
				E8E71D152C967ABF00B1F03F /* Release */,
			);
			defaultConfigurationIsVisible = 0;
			defaultConfigurationName = Release;
		};
		E8E71D182C967ABF00B1F03F /* Build configuration list for PBXNativeTarget "Sort PicTests" */ = {
			isa = XCConfigurationList;
			buildConfigurations = (
				E8E71D192C967ABF00B1F03F /* Debug */,
				E8E71D1A2C967ABF00B1F03F /* Release */,
			);
			defaultConfigurationIsVisible = 0;
			defaultConfigurationName = Release;
		};
		E8E71D1B2C967ABF00B1F03F /* Build configuration list for PBXNativeTarget "Sort PicUITests" */ = {
			isa = XCConfigurationList;
			buildConfigurations = (
				E8E71D1C2C967ABF00B1F03F /* Debug */,
				E8E71D1D2C967ABF00B1F03F /* Release */,
			);
			defaultConfigurationIsVisible = 0;
			defaultConfigurationName = Release;
		};
/* End XCConfigurationList section */
	};
	rootObject = E8E71CE22C967ABE00B1F03F /* Project object */;
}
